# This file is automatically @generated by Poetry and should not be changed by hand.

[[package]]
name = "backoff"
version = "1.8.0"
description = "Function decoration for backoff and retry"
category = "main"
optional = false
python-versions = ">=2.7, !=3.0.*, !=3.1.*, !=3.2.*, !=3.3.*"
files = [
    {file = "backoff-1.8.0-py2.py3-none-any.whl", hash = "sha256:d340bb6f36d025c04214b8925112d8456970e5f28dda46e4f1133bf5c622cb0a"},
    {file = "backoff-1.8.0.tar.gz", hash = "sha256:c7187f15339e775aec926dc6e5e42f8a3ad7d3c2b9a6ecae7b535000f70cd838"},
]

[[package]]
name = "boto3"
version = "1.26.63"
description = "The AWS SDK for Python"
category = "main"
optional = false
python-versions = ">= 3.7"
files = [
    {file = "boto3-1.26.63-py3-none-any.whl", hash = "sha256:c84857aceccc422d9fb96c26bbc4ec2808b93b39a2886907efef811e6f0b5ea7"},
    {file = "boto3-1.26.63.tar.gz", hash = "sha256:f688555dd427271e0493e6d166126ce76e1744dd89d626575ba7c2e62ba86e14"},
]

[package.dependencies]
botocore = ">=1.29.63,<1.30.0"
jmespath = ">=0.7.1,<2.0.0"
s3transfer = ">=0.6.0,<0.7.0"

[package.extras]
crt = ["botocore[crt] (>=1.21.0,<2.0a0)"]

[[package]]
name = "botocore"
version = "1.29.63"
description = "Low-level, data-driven core of boto 3."
category = "main"
optional = false
python-versions = ">= 3.7"
files = [
    {file = "botocore-1.29.63-py3-none-any.whl", hash = "sha256:9e14f8dba1252a03d0a7db7240dc48fa4a3ac470434a044b23c0001f648d6d4f"},
    {file = "botocore-1.29.63.tar.gz", hash = "sha256:710864600818b80c865334e12af729923e2886cc760685c614c0eae9cbbfdd4d"},
]

[package.dependencies]
jmespath = ">=0.7.1,<2.0.0"
python-dateutil = ">=2.1,<3.0.0"
urllib3 = ">=1.25.4,<1.27"

[package.extras]
crt = ["awscrt (==0.15.3)"]

[[package]]
name = "ciso8601"
version = "2.3.0"
description = "Fast ISO8601 date time parser for Python written in C"
category = "main"
optional = false
python-versions = "*"
files = [
    {file = "ciso8601-2.3.0-cp310-cp310-macosx_10_9_universal2.whl", hash = "sha256:8f884d6a0b7384f8b1c57f740196988dd1229242c1be7c30a75424725590e0b3"},
    {file = "ciso8601-2.3.0-cp310-cp310-macosx_10_9_x86_64.whl", hash = "sha256:58517dfe06c30ad65fb1b4e9de66ccb72752d79bc71d7b7d26cbc0d008b7265a"},
    {file = "ciso8601-2.3.0-cp310-cp310-macosx_11_0_arm64.whl", hash = "sha256:c66032757d314ad232904f91a54df4907bd9af41b0d0b4acc19bfde1ab52983b"},
    {file = "ciso8601-2.3.0-cp310-cp310-manylinux_2_5_x86_64.manylinux1_x86_64.manylinux_2_17_x86_64.manylinux2014_x86_64.whl", hash = "sha256:b6cae7a74d9485a2f191adc5aad2563756af89cc1f3190e7d89f401b2349eb2b"},
    {file = "ciso8601-2.3.0-cp310-cp310-musllinux_1_1_i686.whl", hash = "sha256:47cc66899e5facdccc28f183b978ace9edbebdea6545c013ec1d369fdea3de61"},
    {file = "ciso8601-2.3.0-cp310-cp310-musllinux_1_1_x86_64.whl", hash = "sha256:2b4596c9d92719af4f06082c59182ce9de3a73e2bda67304498d9ac78264dd5c"},
    {file = "ciso8601-2.3.0-cp310-cp310-win_amd64.whl", hash = "sha256:a002a8dc91e63730f7ca8eae0cb1e2832ee057fedf65e5b9bf416aefb1dd8cab"},
    {file = "ciso8601-2.3.0-cp311-cp311-macosx_10_9_universal2.whl", hash = "sha256:87a6f58bdda833cb8d78c6482a179fff663903a8f562755e119bf815b1014f2e"},
    {file = "ciso8601-2.3.0-cp311-cp311-macosx_10_9_x86_64.whl", hash = "sha256:7667faf021314315a3c498e4c7c8cf57a7014af0960ddd5b671bcf03b2d0132b"},
    {file = "ciso8601-2.3.0-cp311-cp311-macosx_11_0_arm64.whl", hash = "sha256:fa90488666ee44796932850fc419cd55863b320f77b1474991e60f321b5ac7d2"},
    {file = "ciso8601-2.3.0-cp311-cp311-manylinux_2_5_x86_64.manylinux1_x86_64.manylinux_2_17_x86_64.manylinux2014_x86_64.whl", hash = "sha256:1aba1f59b6d27ec694128f9ba85e22c1f17e67ffc5b1b0a991628bb402e25e81"},
    {file = "ciso8601-2.3.0-cp311-cp311-musllinux_1_1_i686.whl", hash = "sha256:896dd46c7f2129140fc36dbe9ccf78cec02143b941b5a608e652cd40e39f6064"},
    {file = "ciso8601-2.3.0-cp311-cp311-musllinux_1_1_x86_64.whl", hash = "sha256:2cf6dfa22f21f838b730f977bc7ad057c37646f683bf42a727b4e763f44d47dc"},
    {file = "ciso8601-2.3.0-cp311-cp311-win_amd64.whl", hash = "sha256:a8c4aa6880fd698075d5478615d4668e70af6424d90b1686c560c1ec3459926a"},
    {file = "ciso8601-2.3.0-cp36-cp36m-macosx_10_9_x86_64.whl", hash = "sha256:b12d314415ba1e4e4bfcfa3db782335949ca1866a2b6fe22c47099fed9c82826"},
    {file = "ciso8601-2.3.0-cp36-cp36m-manylinux_2_5_x86_64.manylinux1_x86_64.manylinux_2_17_x86_64.manylinux2014_x86_64.whl", hash = "sha256:7d115fc2501a316256dd0b961b0b384a12998c626ab1e91cd06164f7792e3908"},
    {file = "ciso8601-2.3.0-cp36-cp36m-musllinux_1_1_i686.whl", hash = "sha256:5817bd895c0d083c161ea38459de8e2b90d798de09769aaba003fe53c1418aba"},
    {file = "ciso8601-2.3.0-cp36-cp36m-musllinux_1_1_x86_64.whl", hash = "sha256:7d68741fe53cd0134e8e94109ede36d7aeaa65a36682680d53b69f790291d80f"},
    {file = "ciso8601-2.3.0-cp36-cp36m-win_amd64.whl", hash = "sha256:74c4b0fe3fd0ce1a0da941f3f50af1a81970d7e4536cbae43f27e041b4ae4d3e"},
    {file = "ciso8601-2.3.0-cp37-cp37m-macosx_10_9_x86_64.whl", hash = "sha256:0136d49f2265bf3d06ffb7bc649a64ed316e921ba6cd05e0fecc477c80fe5097"},
    {file = "ciso8601-2.3.0-cp37-cp37m-manylinux_2_5_x86_64.manylinux1_x86_64.manylinux_2_17_x86_64.manylinux2014_x86_64.whl", hash = "sha256:2188dd4784d87e4008cc765c80e26a503450c57a98655321de777679c556b133"},
    {file = "ciso8601-2.3.0-cp37-cp37m-musllinux_1_1_i686.whl", hash = "sha256:4e0fa37c6d58be990c10d537ed286a35c018b5f038039ad796cf2352bc26799e"},
    {file = "ciso8601-2.3.0-cp37-cp37m-musllinux_1_1_x86_64.whl", hash = "sha256:fa1085b47c15df627d6bea783a8f7c89a59268af85e204992a013df174b339aa"},
    {file = "ciso8601-2.3.0-cp37-cp37m-win_amd64.whl", hash = "sha256:352809f24dc0fa7e05b85046f8bd34165a20fa5ebb5b43e053668fa69d57e657"},
    {file = "ciso8601-2.3.0-cp38-cp38-macosx_10_9_universal2.whl", hash = "sha256:7e8e78f8c7d35e6b43ad7316f652e2d53bf4b8798725d481abff14657852a88c"},
    {file = "ciso8601-2.3.0-cp38-cp38-macosx_10_9_x86_64.whl", hash = "sha256:4cc04399f79a62338d4f4c19560d2b30f2d257021df1b0e55bae9209d8844c0c"},
    {file = "ciso8601-2.3.0-cp38-cp38-macosx_11_0_arm64.whl", hash = "sha256:e4affe0e72debf18c98d2f9e41c24a8ec8421ea65fafba96919f20a8d0f9bf87"},
    {file = "ciso8601-2.3.0-cp38-cp38-manylinux_2_5_x86_64.manylinux1_x86_64.manylinux_2_17_x86_64.manylinux2014_x86_64.whl", hash = "sha256:47d7d0f84fb0276c031bf606da484e9dc52ebdf121695732609dc49b30e8cf7c"},
    {file = "ciso8601-2.3.0-cp38-cp38-musllinux_1_1_i686.whl", hash = "sha256:8b1a217967083ac295d9239f5ba5235c66697fdadc2d5399c7bac53353218201"},
    {file = "ciso8601-2.3.0-cp38-cp38-musllinux_1_1_x86_64.whl", hash = "sha256:2785f374388e48c21420e820295d36a8d0734542e4e7bd3899467dc4d56016da"},
    {file = "ciso8601-2.3.0-cp38-cp38-win_amd64.whl", hash = "sha256:59e6ac990dc31b14a39344a6a0f651658829bc59666cfff13c8deca37e360d86"},
    {file = "ciso8601-2.3.0-cp39-cp39-macosx_10_9_universal2.whl", hash = "sha256:3b135cda50be4ed52e44e815794cb19b268baf75d6c2a2a34eb6c2851bbe9423"},
    {file = "ciso8601-2.3.0-cp39-cp39-macosx_10_9_x86_64.whl", hash = "sha256:b247b4a854119d438d28e0efd0258a5bb710be59ffeba3d2bea5bdab82f90ef3"},
    {file = "ciso8601-2.3.0-cp39-cp39-macosx_11_0_arm64.whl", hash = "sha256:243ffcbee824ed74b21bd1cede72050d36095df5fad8f1704730669d2b0db5be"},
    {file = "ciso8601-2.3.0-cp39-cp39-manylinux_2_5_x86_64.manylinux1_x86_64.manylinux_2_17_x86_64.manylinux2014_x86_64.whl", hash = "sha256:d39aa3d7148fcd9db1007c258e47c9e0174f383d82f5504b80db834c6215b7e4"},
    {file = "ciso8601-2.3.0-cp39-cp39-musllinux_1_1_i686.whl", hash = "sha256:e838b694b009e2d9b3b680008fa4c56e52f83935a31ea86fe4203dfff0086f88"},
    {file = "ciso8601-2.3.0-cp39-cp39-musllinux_1_1_x86_64.whl", hash = "sha256:aa58f55ed5c8b1e9962b56b2ecbfcca32f056edf8ecdce73b6623c55a2fd11e8"},
    {file = "ciso8601-2.3.0-cp39-cp39-win_amd64.whl", hash = "sha256:161dc428d1735ed6dee6ce599c4275ef3fe280fe37308e3cc2efd4301781a7ff"},
    {file = "ciso8601-2.3.0-pp37-pypy37_pp73-manylinux_2_5_x86_64.manylinux1_x86_64.manylinux_2_17_x86_64.manylinux2014_x86_64.whl", hash = "sha256:374275a329138b9b70c857c9ea460f65dc7f01ed2513f991e57090f39bf01de5"},
    {file = "ciso8601-2.3.0-pp37-pypy37_pp73-win_amd64.whl", hash = "sha256:58910c03b5464d6b766ac5d894c6089ee8279432b85181283571b0e2bf502df4"},
    {file = "ciso8601-2.3.0-pp38-pypy38_pp73-manylinux_2_5_x86_64.manylinux1_x86_64.manylinux_2_17_x86_64.manylinux2014_x86_64.whl", hash = "sha256:b9f7608a276fa46d28255906c341752a87fe5353d8060932e0ec71745148a4d8"},
    {file = "ciso8601-2.3.0-pp38-pypy38_pp73-win_amd64.whl", hash = "sha256:e20d14155f7b069f2aa2387a3f31de98f93bb94da63ad1b5aae78445b33f0529"},
    {file = "ciso8601-2.3.0-pp39-pypy39_pp73-manylinux_2_5_x86_64.manylinux1_x86_64.manylinux_2_17_x86_64.manylinux2014_x86_64.whl", hash = "sha256:a3f781561401c8666accae823ed8f2a5d1fa50b3e65eb65c21a2bd0374e14f19"},
    {file = "ciso8601-2.3.0-pp39-pypy39_pp73-win_amd64.whl", hash = "sha256:a0f4a649e9693e5a46843b0ebd288de1e45b8852a2cff684e3a6b6f3fd56ec4e"},
    {file = "ciso8601-2.3.0.tar.gz", hash = "sha256:19e3fbd786d8bec3358eac94d8774d365b694b604fd1789244b87083f66c8900"},
]

[[package]]
name = "jmespath"
version = "1.0.1"
description = "JSON Matching Expressions"
category = "main"
optional = false
python-versions = ">=3.7"
files = [
    {file = "jmespath-1.0.1-py3-none-any.whl", hash = "sha256:02e2e4cc71b5bcab88332eebf907519190dd9e6e82107fa7f83b1003a6252980"},
    {file = "jmespath-1.0.1.tar.gz", hash = "sha256:90261b206d6defd58fdd5e85f478bf633a2901798906be2ad389150c5c60edbe"},
]

[[package]]
name = "jsonschema"
version = "2.6.0"
description = "An implementation of JSON Schema validation for Python"
category = "main"
optional = false
python-versions = "*"
files = [
    {file = "jsonschema-2.6.0-py2.py3-none-any.whl", hash = "sha256:000e68abd33c972a5248544925a0cae7d1125f9bf6c58280d37546b946769a08"},
    {file = "jsonschema-2.6.0.tar.gz", hash = "sha256:6ff5f3180870836cae40f06fa10419f557208175f13ad7bc26caa77beb1f6e02"},
]

[package.extras]
format = ["rfc3987", "strict-rfc3339", "webcolors"]

[[package]]
name = "python-dateutil"
version = "2.8.2"
description = "Extensions to the standard Python datetime module"
category = "main"
optional = false
python-versions = "!=3.0.*,!=3.1.*,!=3.2.*,>=2.7"
files = [
    {file = "python-dateutil-2.8.2.tar.gz", hash = "sha256:0123cacc1627ae19ddf3c27a5de5bd67ee4586fbdd6440d9748f8abb483d3e86"},
    {file = "python_dateutil-2.8.2-py2.py3-none-any.whl", hash = "sha256:961d03dc3453ebbc59dbdea9e4e11c5651520a876d0f4db161e8674aae935da9"},
]

[package.dependencies]
six = ">=1.5"

[[package]]
name = "pytz"
version = "2022.7.1"
description = "World timezone definitions, modern and historical"
category = "main"
optional = false
python-versions = "*"
files = [
    {file = "pytz-2022.7.1-py2.py3-none-any.whl", hash = "sha256:78f4f37d8198e0627c5f1143240bb0206b8691d8d7ac6d78fee88b78733f8c4a"},
    {file = "pytz-2022.7.1.tar.gz", hash = "sha256:01a0681c4b9684a28304615eba55d1ab31ae00bf68ec157ec3708a8182dbbcd0"},
]

[[package]]
name = "s3transfer"
version = "0.6.0"
description = "An Amazon S3 Transfer Manager"
category = "main"
optional = false
python-versions = ">= 3.7"
files = [
    {file = "s3transfer-0.6.0-py3-none-any.whl", hash = "sha256:06176b74f3a15f61f1b4f25a1fc29a4429040b7647133a463da8fa5bd28d5ecd"},
    {file = "s3transfer-0.6.0.tar.gz", hash = "sha256:2ed07d3866f523cc561bf4a00fc5535827981b117dd7876f036b0c1aca42c947"},
]

[package.dependencies]
botocore = ">=1.12.36,<2.0a.0"

[package.extras]
crt = ["botocore[crt] (>=1.20.29,<2.0a.0)"]

[[package]]
name = "simplejson"
version = "3.11.1"
description = "Simple, fast, extensible JSON encoder/decoder for Python"
category = "main"
optional = false
python-versions = "*"
files = [
    {file = "simplejson-3.11.1-cp27-cp27m-win32.whl", hash = "sha256:38c2b563cd03363e7cb2bbba6c20ae4eaafd853a83954c8c8dd345ee391787bf"},
    {file = "simplejson-3.11.1-cp27-cp27m-win_amd64.whl", hash = "sha256:8d73b96a6ee7c81fd49dac7225e3846fd60b54a0b5b93a0aaea04c5a5d2e7bf2"},
    {file = "simplejson-3.11.1-cp33-cp33m-win32.whl", hash = "sha256:7f53ab6a675594f237ce7372c1edf742a6acb158149ed3259c5fffc5b613dc94"},
    {file = "simplejson-3.11.1-cp33-cp33m-win_amd64.whl", hash = "sha256:86aa9fd492230c4b8b6814fcf089b36ffba2cec4d0635c8c642135b9067ebbd7"},
    {file = "simplejson-3.11.1-cp34-cp34m-win32.whl", hash = "sha256:7df76ae6cac4a62ad5295f9a9131857077d84cb15fad2011acb2ce7410476009"},
    {file = "simplejson-3.11.1-cp34-cp34m-win_amd64.whl", hash = "sha256:a6939199c30b78ae31e62e6913f0e12cb71a4a5ad67c259e0a98688df027a5de"},
    {file = "simplejson-3.11.1-cp35-cp35m-win32.whl", hash = "sha256:11d91b88cc1e9645c79f0f6fd2961684249af963e2bbff5a00061ed4bbf55379"},
    {file = "simplejson-3.11.1-cp35-cp35m-win_amd64.whl", hash = "sha256:36b0de42e3a8a51086c339cc803f6ac7a9d1d5254066d680956a195ca12cf0d8"},
    {file = "simplejson-3.11.1.tar.gz", hash = "sha256:01a22d49ddd9a168b136f26cac87d9a335660ce07aa5c630b8e3607d6f4325e7"},
]

[[package]]
name = "singer-python"
version = "5.13.0"
description = "Singer.io utility library"
category = "main"
optional = false
python-versions = "*"
files = [
    {file = "singer-python-5.13.0.tar.gz", hash = "sha256:b8aa9a4a38c7ecbd24b7593babd4f0a85b7cb1c04e712864dd151bc9aad10b62"},
]

[package.dependencies]
backoff = "1.8.0"
ciso8601 = "*"
jsonschema = "2.6.0"
python-dateutil = ">=2.6.0"
pytz = ">=2018.4"
simplejson = "3.11.1"

[package.extras]
dev = ["ipdb", "ipython", "nose", "pylint", "singer-tools"]

[[package]]
name = "six"
version = "1.16.0"
description = "Python 2 and 3 compatibility utilities"
category = "main"
optional = false
python-versions = ">=2.7, !=3.0.*, !=3.1.*, !=3.2.*"
files = [
    {file = "six-1.16.0-py2.py3-none-any.whl", hash = "sha256:8abb2f1d86890a2dfb989f9a77cfcfd3e47c2a354b01111771326f8aa26e0254"},
    {file = "six-1.16.0.tar.gz", hash = "sha256:1e61c37477a1626458e36f7b1d82aa5c9b094fa4802892072e49de9c60c4c926"},
]

[[package]]
name = "urllib3"
version = "1.26.14"
description = "HTTP library with thread-safe connection pooling, file post, and more."
category = "main"
optional = false
python-versions = ">=2.7, !=3.0.*, !=3.1.*, !=3.2.*, !=3.3.*, !=3.4.*, !=3.5.*"
files = [
    {file = "urllib3-1.26.14-py2.py3-none-any.whl", hash = "sha256:75edcdc2f7d85b137124a6c3c9fc3933cdeaa12ecb9a6a959f22797a0feca7e1"},
    {file = "urllib3-1.26.14.tar.gz", hash = "sha256:076907bf8fd355cde77728471316625a4d2f7e713c125f51953bb5b3eecf4f72"},
]

[package.extras]
brotli = ["brotli (>=1.0.9)", "brotlicffi (>=0.8.0)", "brotlipy (>=0.6.0)"]
secure = ["certifi", "cryptography (>=1.3.4)", "idna (>=2.0.0)", "ipaddress", "pyOpenSSL (>=0.14)", "urllib3-secure-extra"]
socks = ["PySocks (>=1.5.6,!=1.5.7,<2.0)"]

[metadata]
lock-version = "2.0"
python-versions = "^3.10"
content-hash = "909a0233211888c41430917081c10aa49cbc7da18917bbcd47ebc783dbc3a12a"
